
Microsoft Visual Studio Solution File, Format Version 12.00
# Visual Studio Version 16
VisualStudioVersion = 16.0.29001.49
MinimumVisualStudioVersion = 10.0.40219.1
Project("{FAE04EC0-301F-11D3-BF4B-00C04F79EFBC}") = "TransporteFlexible", "TransporteFlexible.csproj", "{EE7118A7-AE57-4A67-82F6-A56D971EF74F}"
EndProject
Project("{FAE04EC0-301F-11D3-BF4B-00C04F79EFBC}") = "Negocio", "..\Negocio\Negocio.csproj", "{87D97D0A-79DA-4479-9C85-274C682EBA04}"
EndProject
Project("{FAE04EC0-301F-11D3-BF4B-00C04F79EFBC}") = "DataAccess", "..\DataAccess\DataAccess.csproj", "{3C10D2F5-9DAC-4205-BFF0-E862345442B8}"
EndProject
Project("{FAE04EC0-301F-11D3-BF4B-00C04F79EFBC}") = "Common", "..\Common\Common.csproj", "{B44A6321-368C-4952-8CBF-6070864768B7}"
EndProject
Project("{2150E333-8FDC-42A3-9474-1A3956D46DE8}") = "Solution Items", "Solution Items", "{58A8AE40-0EE1-4620-BF7D-8CE6D0106AFC}"
	ProjectSection(SolutionItems) = preProject
		.gitignore = .gitignore
	EndProjectSection
EndProject
Global
	GlobalSection(SolutionConfigurationPlatforms) = preSolution
		Debug|Any CPU = Debug|Any CPU
		Release|Any CPU = Release|Any CPU
	EndGlobalSection
	GlobalSection(ProjectConfigurationPlatforms) = postSolution
		{EE7118A7-AE57-4A67-82F6-A56D971EF74F}.Debug|Any CPU.ActiveCfg = Debug|Any CPU
		{EE7118A7-AE57-4A67-82F6-A56D971EF74F}.Debug|Any CPU.Build.0 = Debug|Any CPU
		{EE7118A7-AE57-4A67-82F6-A56D971EF74F}.Release|Any CPU.ActiveCfg = Release|Any CPU
		{EE7118A7-AE57-4A67-82F6-A56D971EF74F}.Release|Any CPU.Build.0 = Release|Any CPU
		{87D97D0A-79DA-4479-9C85-274C682EBA04}.Debug|Any CPU.ActiveCfg = Debug|Any CPU
		{87D97D0A-79DA-4479-9C85-274C682EBA04}.Debug|Any CPU.Build.0 = Debug|Any CPU
		{87D97D0A-79DA-4479-9C85-274C682EBA04}.Release|Any CPU.ActiveCfg = Release|Any CPU
		{87D97D0A-79DA-4479-9C85-274C682EBA04}.Release|Any CPU.Build.0 = Release|Any CPU
		{3C10D2F5-9DAC-4205-BFF0-E862345442B8}.Debug|Any CPU.ActiveCfg = Debug|Any CPU
		{3C10D2F5-9DAC-4205-BFF0-E862345442B8}.Debug|Any CPU.Build.0 = Debug|Any CPU
		{3C10D2F5-9DAC-4205-BFF0-E862345442B8}.Release|Any CPU.ActiveCfg = Release|Any CPU
		{3C10D2F5-9DAC-4205-BFF0-E862345442B8}.Release|Any CPU.Build.0 = Release|Any CPU
		{B44A6321-368C-4952-8CBF-6070864768B7}.Debug|Any CPU.ActiveCfg = Debug|Any CPU
		{B44A6321-368C-4952-8CBF-6070864768B7}.Debug|Any CPU.Build.0 = Debug|Any CPU
		{B44A6321-368C-4952-8CBF-6070864768B7}.Release|Any CPU.ActiveCfg = Release|Any CPU
		{B44A6321-368C-4952-8CBF-6070864768B7}.Release|Any CPU.Build.0 = Release|Any CPU
	EndGlobalSection
	GlobalSection(SolutionProperties) = preSolution
		HideSolutionNode = FALSE
	EndGlobalSection
	GlobalSection(ExtensibilityGlobals) = postSolution
		SolutionGuid = {2B760DF4-66FE-451E-AA4D-FB184E495F45}
	EndGlobalSection
EndGlobal
